
Microsoft Visual Studio Solution File, Format Version 12.00
# Visual Studio 15
VisualStudioVersion = 15.0.28307.271
MinimumVisualStudioVersion = 10.0.40219.1
Project("{FAE04EC0-301F-11D3-BF4B-00C04F79EFBC}") = "WindowsFormsApp1", "WindowsFormsApp1\WindowsFormsApp1.csproj", "{837F4CD0-A2C8-4F42-B742-B49080667852}"
EndProject
Global
	GlobalSection(SolutionConfigurationPlatforms) = preSolution
		Debug|Any CPU = Debug|Any CPU
		Release|Any CPU = Release|Any CPU
	EndGlobalSection
	GlobalSection(ProjectConfigurationPlatforms) = postSolution
		{837F4CD0-A2C8-4F42-B742-B49080667852}.Debug|Any CPU.ActiveCfg = Debug|Any CPU
		{837F4CD0-A2C8-4F42-B742-B49080667852}.Debug|Any CPU.Build.0 = Debug|Any CPU
		{837F4CD0-A2C8-4F42-B742-B49080667852}.Release|Any CPU.ActiveCfg = Release|Any CPU
		{837F4CD0-A2C8-4F42-B742-B49080667852}.Release|Any CPU.Build.0 = Release|Any CPU
	EndGlobalSection
	GlobalSection(SolutionProperties) = preSolution
		HideSolutionNode = FALSE
	EndGlobalSection
	GlobalSection(ExtensibilityGlobals) = postSolution
		SolutionGuid = {95094901-0209-485B-BDE6-12AE50DA28E1}
	EndGlobalSection
EndGlobal
